
Microsoft Visual Studio Solution File, Format Version 12.00
# Visual Studio Version 16
VisualStudioVersion = 16.0.30621.155
MinimumVisualStudioVersion = 10.0.40219.1
Project("{9A19103F-16F7-4668-BE54-9A1E7A4F7556}") = "Assignment_1.1", "Topic1\Assignment_1.1.csproj", "{72831E3C-BB93-4E97-97B4-551AAD810078}"
EndProject
Project("{2150E333-8FDC-42A3-9474-1A3956D46DE8}") = "Topic1", "Topic1", "{1209A627-55DC-4E8A-A27E-27299A148138}"
EndProject
Project("{9A19103F-16F7-4668-BE54-9A1E7A4F7556}") = "Assignment_1.2", "Assignment2\Assignment_1.2.csproj", "{356B64B7-21F1-40C9-BE31-12BFA35CC94A}"
EndProject
Project("{2150E333-8FDC-42A3-9474-1A3956D46DE8}") = "Topic2", "Topic2", "{83774C8B-675C-461E-88CA-4A6970902764}"
EndProject
Project("{9A19103F-16F7-4668-BE54-9A1E7A4F7556}") = "Assignment_2.1", "Assignment_2.1\Assignment_2.1.csproj", "{D40C0CEE-F0D9-41D8-9004-BAD49A9A96C6}"
EndProject
Project("{9A19103F-16F7-4668-BE54-9A1E7A4F7556}") = "Assignment_2.2", "Assignment_2.2\Assignment_2.2.csproj", "{6747E41E-EFB8-4D6E-9D06-0E6EF98488D7}"
EndProject
Project("{2150E333-8FDC-42A3-9474-1A3956D46DE8}") = "Topic3", "Topic3", "{C24DE807-13D1-4494-B231-61DDEF0D01A7}"
EndProject
Project("{9A19103F-16F7-4668-BE54-9A1E7A4F7556}") = "Assignment_3.1", "Assignment_3.1\Assignment_3.1.csproj", "{111F54F6-043C-4FAB-8F30-3ECDD384CEEE}"
EndProject
Project("{9A19103F-16F7-4668-BE54-9A1E7A4F7556}") = "Assignment_3.2", "Assignment_3.2\Assignment_3.2.csproj", "{BBB22F24-E42B-4979-82FB-462197416D5D}"
EndProject
Project("{2150E333-8FDC-42A3-9474-1A3956D46DE8}") = "Topic4", "Topic4", "{68B91559-18C5-4DFE-9698-61E6CB27EE0F}"
EndProject
Project("{9A19103F-16F7-4668-BE54-9A1E7A4F7556}") = "Assignment_4.1", "Assignment_4.1\Assignment_4.1.csproj", "{9B58A3BB-C56E-4991-8CBE-55F1B582B619}"
EndProject
Project("{9A19103F-16F7-4668-BE54-9A1E7A4F7556}") = "Assignment_4.2", "Assignment_4.2\Assignment_4.2.csproj", "{3A45F6D0-20D6-4868-A195-2F36ACBCDF59}"
EndProject
Project("{9A19103F-16F7-4668-BE54-9A1E7A4F7556}") = "Assignment_4.3", "Assignment_4.3\Assignment_4.3.csproj", "{9C75CD09-0B03-4332-9DB5-32E4BC6D2075}"
EndProject
Project("{9A19103F-16F7-4668-BE54-9A1E7A4F7556}") = "Assignment_4.4", "Assignment_4.4\Assignment_4.4.csproj", "{AD2CB61F-0A26-436F-8595-0DDAE9C3907B}"
EndProject
Project("{9A19103F-16F7-4668-BE54-9A1E7A4F7556}") = "Assignment_4.5", "Assignment_4.5\Assignment_4.5.csproj", "{7C6A162E-FA61-41BC-84DA-67DD5F8D871B}"
EndProject
Project("{2150E333-8FDC-42A3-9474-1A3956D46DE8}") = "Topic5", "Topic5", "{856EC0C9-DFDC-4B9F-92BA-1973DD3C0BAA}"
EndProject
Project("{9A19103F-16F7-4668-BE54-9A1E7A4F7556}") = "Assignment_5.1", "Assignment1\Assignment_5.1.csproj", "{A4F8E11F-5EDD-4335-95D2-394420E0D42C}"
EndProject
Project("{9A19103F-16F7-4668-BE54-9A1E7A4F7556}") = "Assignment_5.2", "Assignment_5.2\Assignment_5.2.csproj", "{0E428480-5CAA-4B6A-ADB8-B2C273D5632B}"
EndProject
Project("{9A19103F-16F7-4668-BE54-9A1E7A4F7556}") = "Assignment_5.3", "Assignment_5.3\Assignment_5.3.csproj", "{1B3577A5-CFE4-4851-93CF-C5D1BB4B0F72}"
EndProject
Project("{2150E333-8FDC-42A3-9474-1A3956D46DE8}") = "Topic6", "Topic6", "{E3094D24-95CE-4ACA-8B86-9368CC471AC8}"
EndProject
Project("{9A19103F-16F7-4668-BE54-9A1E7A4F7556}") = "Assignment_6.1", "Assignment\Assignment_6.1.csproj", "{00D86B86-0FFD-43BB-9BD1-D24B5CFDA1FE}"
EndProject
Project("{2150E333-8FDC-42A3-9474-1A3956D46DE8}") = "Topic8", "Topic8", "{DAD94243-3543-4A01-AB3D-7221B2025632}"
EndProject
Project("{9A19103F-16F7-4668-BE54-9A1E7A4F7556}") = "Assignment_8.1", "Assignment_7.1\Assignment_8.1.csproj", "{2859ACF6-FB85-4DDC-A2BE-4EC8F9E1036B}"
EndProject
Project("{FAE04EC0-301F-11D3-BF4B-00C04F79EFBC}") = "Assignment_8.2", "Assignment_8.3\Assignment_8.2.csproj", "{6382A437-47D8-4D1A-B6F8-CC5AECE0B867}"
EndProject
Project("{9A19103F-16F7-4668-BE54-9A1E7A4F7556}") = "Assignment_8.3", "Assignment_8.3\Assignment_8.3.csproj", "{00177BD8-50F4-46D3-9C01-8A7505E391CC}"
EndProject
Project("{9A19103F-16F7-4668-BE54-9A1E7A4F7556}") = "Assignment_8.4", "Assignment_8.4\Assignment_8.4.csproj", "{73FD05A6-8CD6-4F70-ACCE-B6D84F8EFEE6}"
EndProject
Project("{2150E333-8FDC-42A3-9474-1A3956D46DE8}") = "Topic9", "Topic9", "{F3526A55-BA52-4E89-BEB0-94C1E9A53535}"
EndProject
Project("{9A19103F-16F7-4668-BE54-9A1E7A4F7556}") = "Assignment_9.1", "Assignment_9.1\Assignment_9.1.csproj", "{0B97DE9D-D911-455B-9E58-ADDF09D617B1}"
EndProject
Project("{9A19103F-16F7-4668-BE54-9A1E7A4F7556}") = "Assignment_9.2", "Assignment_9.2\Assignment_9.2.csproj", "{89F80980-54AE-45DD-BC52-9F8DCE7D26A8}"
EndProject
Project("{9A19103F-16F7-4668-BE54-9A1E7A4F7556}") = "Assignment_9.3", "Assignment_9.3\Assignment_9.3.csproj", "{44B60F38-879C-4562-99B0-D0702748A4B4}"
EndProject
Project("{9A19103F-16F7-4668-BE54-9A1E7A4F7556}") = "Assignment_9.4", "Assignment_9.4\Assignment_9.4.csproj", "{FAB1FE4B-4650-4D3D-892C-160E4AA74B26}"
EndProject
Project("{FAE04EC0-301F-11D3-BF4B-00C04F79EFBC}") = "Assignment_9.5", "Assignment_9.5\Assignment_9.5.csproj", "{5F21A7EC-4C3C-4078-8B29-3B9376F78E9B}"
EndProject
Project("{FAE04EC0-301F-11D3-BF4B-00C04F79EFBC}") = "Assignment_9.6", "Assignment_9.6\Assignment_9.6.csproj", "{5CD614FA-0FDD-4576-B420-506E6CF9C326}"
EndProject
Global
	GlobalSection(SolutionConfigurationPlatforms) = preSolution
		Debug|Any CPU = Debug|Any CPU
		Release|Any CPU = Release|Any CPU
	EndGlobalSection
	GlobalSection(ProjectConfigurationPlatforms) = postSolution
		{72831E3C-BB93-4E97-97B4-551AAD810078}.Debug|Any CPU.ActiveCfg = Debug|Any CPU
		{72831E3C-BB93-4E97-97B4-551AAD810078}.Debug|Any CPU.Build.0 = Debug|Any CPU
		{72831E3C-BB93-4E97-97B4-551AAD810078}.Release|Any CPU.ActiveCfg = Release|Any CPU
		{72831E3C-BB93-4E97-97B4-551AAD810078}.Release|Any CPU.Build.0 = Release|Any CPU
		{356B64B7-21F1-40C9-BE31-12BFA35CC94A}.Debug|Any CPU.ActiveCfg = Debug|Any CPU
		{356B64B7-21F1-40C9-BE31-12BFA35CC94A}.Debug|Any CPU.Build.0 = Debug|Any CPU
		{356B64B7-21F1-40C9-BE31-12BFA35CC94A}.Release|Any CPU.ActiveCfg = Release|Any CPU
		{356B64B7-21F1-40C9-BE31-12BFA35CC94A}.Release|Any CPU.Build.0 = Release|Any CPU
		{D40C0CEE-F0D9-41D8-9004-BAD49A9A96C6}.Debug|Any CPU.ActiveCfg = Debug|Any CPU
		{D40C0CEE-F0D9-41D8-9004-BAD49A9A96C6}.Debug|Any CPU.Build.0 = Debug|Any CPU
		{D40C0CEE-F0D9-41D8-9004-BAD49A9A96C6}.Release|Any CPU.ActiveCfg = Release|Any CPU
		{D40C0CEE-F0D9-41D8-9004-BAD49A9A96C6}.Release|Any CPU.Build.0 = Release|Any CPU
		{6747E41E-EFB8-4D6E-9D06-0E6EF98488D7}.Debug|Any CPU.ActiveCfg = Debug|Any CPU
		{6747E41E-EFB8-4D6E-9D06-0E6EF98488D7}.Debug|Any CPU.Build.0 = Debug|Any CPU
		{6747E41E-EFB8-4D6E-9D06-0E6EF98488D7}.Release|Any CPU.ActiveCfg = Release|Any CPU
		{6747E41E-EFB8-4D6E-9D06-0E6EF98488D7}.Release|Any CPU.Build.0 = Release|Any CPU
		{111F54F6-043C-4FAB-8F30-3ECDD384CEEE}.Debug|Any CPU.ActiveCfg = Debug|Any CPU
		{111F54F6-043C-4FAB-8F30-3ECDD384CEEE}.Debug|Any CPU.Build.0 = Debug|Any CPU
		{111F54F6-043C-4FAB-8F30-3ECDD384CEEE}.Release|Any CPU.ActiveCfg = Release|Any CPU
		{111F54F6-043C-4FAB-8F30-3ECDD384CEEE}.Release|Any CPU.Build.0 = Release|Any CPU
		{BBB22F24-E42B-4979-82FB-462197416D5D}.Debug|Any CPU.ActiveCfg = Debug|Any CPU
		{BBB22F24-E42B-4979-82FB-462197416D5D}.Debug|Any CPU.Build.0 = Debug|Any CPU
		{BBB22F24-E42B-4979-82FB-462197416D5D}.Release|Any CPU.ActiveCfg = Release|Any CPU
		{BBB22F24-E42B-4979-82FB-462197416D5D}.Release|Any CPU.Build.0 = Release|Any CPU
		{9B58A3BB-C56E-4991-8CBE-55F1B582B619}.Debug|Any CPU.ActiveCfg = Debug|Any CPU
		{9B58A3BB-C56E-4991-8CBE-55F1B582B619}.Debug|Any CPU.Build.0 = Debug|Any CPU
		{9B58A3BB-C56E-4991-8CBE-55F1B582B619}.Release|Any CPU.ActiveCfg = Release|Any CPU
		{9B58A3BB-C56E-4991-8CBE-55F1B582B619}.Release|Any CPU.Build.0 = Release|Any CPU
		{3A45F6D0-20D6-4868-A195-2F36ACBCDF59}.Debug|Any CPU.ActiveCfg = Debug|Any CPU
		{3A45F6D0-20D6-4868-A195-2F36ACBCDF59}.Debug|Any CPU.Build.0 = Debug|Any CPU
		{3A45F6D0-20D6-4868-A195-2F36ACBCDF59}.Release|Any CPU.ActiveCfg = Release|Any CPU
		{3A45F6D0-20D6-4868-A195-2F36ACBCDF59}.Release|Any CPU.Build.0 = Release|Any CPU
		{9C75CD09-0B03-4332-9DB5-32E4BC6D2075}.Debug|Any CPU.ActiveCfg = Debug|Any CPU
		{9C75CD09-0B03-4332-9DB5-32E4BC6D2075}.Debug|Any CPU.Build.0 = Debug|Any CPU
		{9C75CD09-0B03-4332-9DB5-32E4BC6D2075}.Release|Any CPU.ActiveCfg = Release|Any CPU
		{9C75CD09-0B03-4332-9DB5-32E4BC6D2075}.Release|Any CPU.Build.0 = Release|Any CPU
		{AD2CB61F-0A26-436F-8595-0DDAE9C3907B}.Debug|Any CPU.ActiveCfg = Debug|Any CPU
		{AD2CB61F-0A26-436F-8595-0DDAE9C3907B}.Debug|Any CPU.Build.0 = Debug|Any CPU
		{AD2CB61F-0A26-436F-8595-0DDAE9C3907B}.Release|Any CPU.ActiveCfg = Release|Any CPU
		{AD2CB61F-0A26-436F-8595-0DDAE9C3907B}.Release|Any CPU.Build.0 = Release|Any CPU
		{7C6A162E-FA61-41BC-84DA-67DD5F8D871B}.Debug|Any CPU.ActiveCfg = Debug|Any CPU
		{7C6A162E-FA61-41BC-84DA-67DD5F8D871B}.Debug|Any CPU.Build.0 = Debug|Any CPU
		{7C6A162E-FA61-41BC-84DA-67DD5F8D871B}.Release|Any CPU.ActiveCfg = Release|Any CPU
		{7C6A162E-FA61-41BC-84DA-67DD5F8D871B}.Release|Any CPU.Build.0 = Release|Any CPU
		{A4F8E11F-5EDD-4335-95D2-394420E0D42C}.Debug|Any CPU.ActiveCfg = Debug|Any CPU
		{A4F8E11F-5EDD-4335-95D2-394420E0D42C}.Debug|Any CPU.Build.0 = Debug|Any CPU
		{A4F8E11F-5EDD-4335-95D2-394420E0D42C}.Release|Any CPU.ActiveCfg = Release|Any CPU
		{A4F8E11F-5EDD-4335-95D2-394420E0D42C}.Release|Any CPU.Build.0 = Release|Any CPU
		{0E428480-5CAA-4B6A-ADB8-B2C273D5632B}.Debug|Any CPU.ActiveCfg = Debug|Any CPU
		{0E428480-5CAA-4B6A-ADB8-B2C273D5632B}.Debug|Any CPU.Build.0 = Debug|Any CPU
		{0E428480-5CAA-4B6A-ADB8-B2C273D5632B}.Release|Any CPU.ActiveCfg = Release|Any CPU
		{0E428480-5CAA-4B6A-ADB8-B2C273D5632B}.Release|Any CPU.Build.0 = Release|Any CPU
		{1B3577A5-CFE4-4851-93CF-C5D1BB4B0F72}.Debug|Any CPU.ActiveCfg = Debug|Any CPU
		{1B3577A5-CFE4-4851-93CF-C5D1BB4B0F72}.Debug|Any CPU.Build.0 = Debug|Any CPU
		{1B3577A5-CFE4-4851-93CF-C5D1BB4B0F72}.Release|Any CPU.ActiveCfg = Release|Any CPU
		{1B3577A5-CFE4-4851-93CF-C5D1BB4B0F72}.Release|Any CPU.Build.0 = Release|Any CPU
		{00D86B86-0FFD-43BB-9BD1-D24B5CFDA1FE}.Debug|Any CPU.ActiveCfg = Debug|Any CPU
		{00D86B86-0FFD-43BB-9BD1-D24B5CFDA1FE}.Debug|Any CPU.Build.0 = Debug|Any CPU
		{00D86B86-0FFD-43BB-9BD1-D24B5CFDA1FE}.Release|Any CPU.ActiveCfg = Release|Any CPU
		{00D86B86-0FFD-43BB-9BD1-D24B5CFDA1FE}.Release|Any CPU.Build.0 = Release|Any CPU
		{2859ACF6-FB85-4DDC-A2BE-4EC8F9E1036B}.Debug|Any CPU.ActiveCfg = Debug|Any CPU
		{2859ACF6-FB85-4DDC-A2BE-4EC8F9E1036B}.Debug|Any CPU.Build.0 = Debug|Any CPU
		{2859ACF6-FB85-4DDC-A2BE-4EC8F9E1036B}.Release|Any CPU.ActiveCfg = Release|Any CPU
		{2859ACF6-FB85-4DDC-A2BE-4EC8F9E1036B}.Release|Any CPU.Build.0 = Release|Any CPU
		{6382A437-47D8-4D1A-B6F8-CC5AECE0B867}.Debug|Any CPU.ActiveCfg = Debug|Any CPU
		{6382A437-47D8-4D1A-B6F8-CC5AECE0B867}.Debug|Any CPU.Build.0 = Debug|Any CPU
		{6382A437-47D8-4D1A-B6F8-CC5AECE0B867}.Release|Any CPU.ActiveCfg = Release|Any CPU
		{6382A437-47D8-4D1A-B6F8-CC5AECE0B867}.Release|Any CPU.Build.0 = Release|Any CPU
		{00177BD8-50F4-46D3-9C01-8A7505E391CC}.Debug|Any CPU.ActiveCfg = Debug|Any CPU
		{00177BD8-50F4-46D3-9C01-8A7505E391CC}.Debug|Any CPU.Build.0 = Debug|Any CPU
		{00177BD8-50F4-46D3-9C01-8A7505E391CC}.Release|Any CPU.ActiveCfg = Release|Any CPU
		{00177BD8-50F4-46D3-9C01-8A7505E391CC}.Release|Any CPU.Build.0 = Release|Any CPU
		{73FD05A6-8CD6-4F70-ACCE-B6D84F8EFEE6}.Debug|Any CPU.ActiveCfg = Debug|Any CPU
		{73FD05A6-8CD6-4F70-ACCE-B6D84F8EFEE6}.Debug|Any CPU.Build.0 = Debug|Any CPU
		{73FD05A6-8CD6-4F70-ACCE-B6D84F8EFEE6}.Release|Any CPU.ActiveCfg = Release|Any CPU
		{73FD05A6-8CD6-4F70-ACCE-B6D84F8EFEE6}.Release|Any CPU.Build.0 = Release|Any CPU
		{0B97DE9D-D911-455B-9E58-ADDF09D617B1}.Debug|Any CPU.ActiveCfg = Debug|Any CPU
		{0B97DE9D-D911-455B-9E58-ADDF09D617B1}.Debug|Any CPU.Build.0 = Debug|Any CPU
		{0B97DE9D-D911-455B-9E58-ADDF09D617B1}.Release|Any CPU.ActiveCfg = Release|Any CPU
		{0B97DE9D-D911-455B-9E58-ADDF09D617B1}.Release|Any CPU.Build.0 = Release|Any CPU
		{89F80980-54AE-45DD-BC52-9F8DCE7D26A8}.Debug|Any CPU.ActiveCfg = Debug|Any CPU
		{89F80980-54AE-45DD-BC52-9F8DCE7D26A8}.Debug|Any CPU.Build.0 = Debug|Any CPU
		{89F80980-54AE-45DD-BC52-9F8DCE7D26A8}.Release|Any CPU.ActiveCfg = Release|Any CPU
		{89F80980-54AE-45DD-BC52-9F8DCE7D26A8}.Release|Any CPU.Build.0 = Release|Any CPU
		{44B60F38-879C-4562-99B0-D0702748A4B4}.Debug|Any CPU.ActiveCfg = Debug|Any CPU
		{44B60F38-879C-4562-99B0-D0702748A4B4}.Debug|Any CPU.Build.0 = Debug|Any CPU
		{44B60F38-879C-4562-99B0-D0702748A4B4}.Release|Any CPU.ActiveCfg = Release|Any CPU
		{44B60F38-879C-4562-99B0-D0702748A4B4}.Release|Any CPU.Build.0 = Release|Any CPU
		{FAB1FE4B-4650-4D3D-892C-160E4AA74B26}.Debug|Any CPU.ActiveCfg = Debug|Any CPU
		{FAB1FE4B-4650-4D3D-892C-160E4AA74B26}.Debug|Any CPU.Build.0 = Debug|Any CPU
		{FAB1FE4B-4650-4D3D-892C-160E4AA74B26}.Release|Any CPU.ActiveCfg = Release|Any CPU
		{FAB1FE4B-4650-4D3D-892C-160E4AA74B26}.Release|Any CPU.Build.0 = Release|Any CPU
		{5F21A7EC-4C3C-4078-8B29-3B9376F78E9B}.Debug|Any CPU.ActiveCfg = Debug|Any CPU
		{5F21A7EC-4C3C-4078-8B29-3B9376F78E9B}.Debug|Any CPU.Build.0 = Debug|Any CPU
		{5F21A7EC-4C3C-4078-8B29-3B9376F78E9B}.Release|Any CPU.ActiveCfg = Release|Any CPU
		{5F21A7EC-4C3C-4078-8B29-3B9376F78E9B}.Release|Any CPU.Build.0 = Release|Any CPU
		{5CD614FA-0FDD-4576-B420-506E6CF9C326}.Debug|Any CPU.ActiveCfg = Debug|Any CPU
		{5CD614FA-0FDD-4576-B420-506E6CF9C326}.Debug|Any CPU.Build.0 = Debug|Any CPU
		{5CD614FA-0FDD-4576-B420-506E6CF9C326}.Release|Any CPU.ActiveCfg = Release|Any CPU
		{5CD614FA-0FDD-4576-B420-506E6CF9C326}.Release|Any CPU.Build.0 = Release|Any CPU
	EndGlobalSection
	GlobalSection(SolutionProperties) = preSolution
		HideSolutionNode = FALSE
	EndGlobalSection
	GlobalSection(NestedProjects) = preSolution
		{72831E3C-BB93-4E97-97B4-551AAD810078} = {1209A627-55DC-4E8A-A27E-27299A148138}
		{356B64B7-21F1-40C9-BE31-12BFA35CC94A} = {1209A627-55DC-4E8A-A27E-27299A148138}
		{D40C0CEE-F0D9-41D8-9004-BAD49A9A96C6} = {83774C8B-675C-461E-88CA-4A6970902764}
		{6747E41E-EFB8-4D6E-9D06-0E6EF98488D7} = {83774C8B-675C-461E-88CA-4A6970902764}
		{111F54F6-043C-4FAB-8F30-3ECDD384CEEE} = {C24DE807-13D1-4494-B231-61DDEF0D01A7}
		{BBB22F24-E42B-4979-82FB-462197416D5D} = {C24DE807-13D1-4494-B231-61DDEF0D01A7}
		{9B58A3BB-C56E-4991-8CBE-55F1B582B619} = {68B91559-18C5-4DFE-9698-61E6CB27EE0F}
		{3A45F6D0-20D6-4868-A195-2F36ACBCDF59} = {68B91559-18C5-4DFE-9698-61E6CB27EE0F}
		{9C75CD09-0B03-4332-9DB5-32E4BC6D2075} = {68B91559-18C5-4DFE-9698-61E6CB27EE0F}
		{AD2CB61F-0A26-436F-8595-0DDAE9C3907B} = {68B91559-18C5-4DFE-9698-61E6CB27EE0F}
		{7C6A162E-FA61-41BC-84DA-67DD5F8D871B} = {68B91559-18C5-4DFE-9698-61E6CB27EE0F}
		{A4F8E11F-5EDD-4335-95D2-394420E0D42C} = {856EC0C9-DFDC-4B9F-92BA-1973DD3C0BAA}
		{0E428480-5CAA-4B6A-ADB8-B2C273D5632B} = {856EC0C9-DFDC-4B9F-92BA-1973DD3C0BAA}
		{1B3577A5-CFE4-4851-93CF-C5D1BB4B0F72} = {856EC0C9-DFDC-4B9F-92BA-1973DD3C0BAA}
		{00D86B86-0FFD-43BB-9BD1-D24B5CFDA1FE} = {E3094D24-95CE-4ACA-8B86-9368CC471AC8}
		{2859ACF6-FB85-4DDC-A2BE-4EC8F9E1036B} = {DAD94243-3543-4A01-AB3D-7221B2025632}
		{6382A437-47D8-4D1A-B6F8-CC5AECE0B867} = {DAD94243-3543-4A01-AB3D-7221B2025632}
		{00177BD8-50F4-46D3-9C01-8A7505E391CC} = {DAD94243-3543-4A01-AB3D-7221B2025632}
		{73FD05A6-8CD6-4F70-ACCE-B6D84F8EFEE6} = {DAD94243-3543-4A01-AB3D-7221B2025632}
		{0B97DE9D-D911-455B-9E58-ADDF09D617B1} = {F3526A55-BA52-4E89-BEB0-94C1E9A53535}
		{89F80980-54AE-45DD-BC52-9F8DCE7D26A8} = {F3526A55-BA52-4E89-BEB0-94C1E9A53535}
		{44B60F38-879C-4562-99B0-D0702748A4B4} = {F3526A55-BA52-4E89-BEB0-94C1E9A53535}
		{FAB1FE4B-4650-4D3D-892C-160E4AA74B26} = {F3526A55-BA52-4E89-BEB0-94C1E9A53535}
		{5F21A7EC-4C3C-4078-8B29-3B9376F78E9B} = {F3526A55-BA52-4E89-BEB0-94C1E9A53535}
		{5CD614FA-0FDD-4576-B420-506E6CF9C326} = {F3526A55-BA52-4E89-BEB0-94C1E9A53535}
	EndGlobalSection
	GlobalSection(ExtensibilityGlobals) = postSolution
		SolutionGuid = {D8839AD4-A005-4FEA-ABF1-F82AF27C118C}
	EndGlobalSection
EndGlobal
